// !$*UTF8*$!
{
	archiveVersion = 1;
	classes = {
	};
	objectVersion = 77;
	objects = {

/* Begin PBXContainerItemProxy section */
		A1CA089C3009E0B000A0AA57 /* PBXContainerItemProxy */ = {
			isa = PBXContainerItemProxy;
			containerPortal = A1CA08863009E0AD00A0AA57 /* Project object */;
			proxyType = 1;
			remoteGlobalIDString = A1CA088D3009E0AD00A0AA57;
			remoteInfo = ASBInterviewExercise;
		};
		A1CA08A63009E0B000A0AA57 /* PBXContainerItemProxy */ = {
			isa = PBXContainerItemProxy;
			containerPortal = A1CA08863009E0AD00A0AA57 /* Project object */;
			proxyType = 1;
			remoteGlobalIDString = A1CA088D3009E0AD00A0AA57;
			remoteInfo = ASBInterviewExercise;
		};
/* End PBXContainerItemProxy section */

/* Begin PBXFileReference section */
		A1CA088E3009E0AD00A0AA57 /* ASBInterviewExercise.app */ = {isa = PBXFileReference; explicitFileType = wrapper.application; includeInIndex = 0; path = ASBInterviewExercise.app; sourceTree = BUILT_PRODUCTS_DIR; };
		A1CA089B3009E0B000A0AA57 /* ASBInterviewExerciseTests.xctest */ = {isa = PBXFileReference; explicitFileType = wrapper.cfbundle; includeInIndex = 0; path = ASBInterviewExerciseTests.xctest; sourceTree = BUILT_PRODUCTS_DIR; };
		A1CA08A53009E0B000A0AA57 /* ASBInterviewExerciseUITests.xctest */ = {isa = PBXFileReference; explicitFileType = wrapper.cfbundle; includeInIndex = 0; path = ASBInterviewExerciseUITests.xctest; sourceTree = BUILT_PRODUCTS_DIR; };
/* End PBXFileReference section */

/* Begin PBXFileSystemSynchronizedRootGroup section */
		A1CA08903009E0AD00A0AA57 /* ASBInterviewExercise */ = {
			isa = PBXFileSystemSynchronizedRootGroup;
			path = ASBInterviewExercise;
			sourceTree = "<group>";
		};
		A1CA089E3009E0B000A0AA57 /* ASBInterviewExerciseTests */ = {
			isa = PBXFileSystemSynchronizedRootGroup;
			path = ASBInterviewExerciseTests;
			sourceTree = "<group>";
		};
		A1CA08A83009E0B000A0AA57 /* ASBInterviewExerciseUITests */ = {
			isa = PBXFileSystemSynchronizedRootGroup;
			path = ASBInterviewExerciseUITests;
			sourceTree = "<group>";
		};
/* End PBXFileSystemSynchronizedRootGroup section */

/* Begin PBXFrameworksBuildPhase section */
		A1CA088B3009E0AD00A0AA57 /* Frameworks */ = {
			isa = PBXFrameworksBuildPhase;
			buildActionMask = 2147483647;
			files = (
			);
			runOnlyForDeploymentPostprocessing = 0;
		};
		A1CA08983009E0B000A0AA57 /* Frameworks */ = {
			isa = PBXFrameworksBuildPhase;
			buildActionMask = 2147483647;
			files = (
			);
			runOnlyForDeploymentPostprocessing = 0;
		};
		A1CA08A23009E0B000A0AA57 /* Frameworks */ = {
			isa = PBXFrameworksBuildPhase;
			buildActionMask = 2147483647;
			files = (
			);
			runOnlyForDeploymentPostprocessing = 0;
		};
/* End PBXFrameworksBuildPhase section */

/* Begin PBXGroup section */
		A1CA08853009E0AD00A0AA57 = {
			isa = PBXGroup;
			children = (
				A1CA08903009E0AD00A0AA57 /* ASBInterviewExercise */,
				A1CA089E3009E0B000A0AA57 /* ASBInterviewExerciseTests */,
				A1CA08A83009E0B000A0AA57 /* ASBInterviewExerciseUITests */,
				A1CA088F3009E0AD00A0AA57 /* Products */,
			);
			sourceTree = "<group>";
		};
		A1CA088F3009E0AD00A0AA57 /* Products */ = {
			isa = PBXGroup;
			children = (
				A1CA088E3009E0AD00A0AA57 /* ASBInterviewExercise.app */,
				A1CA089B3009E0B000A0AA57 /* ASBInterviewExerciseTests.xctest */,
				A1CA08A53009E0B000A0AA57 /* ASBInterviewExerciseUITests.xctest */,
			);
			name = Products;
			sourceTree = "<group>";
		};
/* End PBXGroup section */

/* Begin PBXNativeTarget section */
		A1CA088D3009E0AD00A0AA57 /* ASBInterviewExercise */ = {
			isa = PBXNativeTarget;
			buildConfigurationList = A1CA08AF3009E0B000A0AA57 /* Build configuration list for PBXNativeTarget "ASBInterviewExercise" */;
			buildPhases = (
				A1CA088A3009E0AD00A0AA57 /* Sources */,
				A1CA088B3009E0AD00A0AA57 /* Frameworks */,
				A1CA088C3009E0AD00A0AA57 /* Resources */,
			);
			buildRules = (
			);
			dependencies = (
			);
			fileSystemSynchronizedGroups = (
				A1CA08903009E0AD00A0AA57 /* ASBInterviewExercise */,
			);
			name = ASBInterviewExercise;
			packageProductDependencies = (
			);
			productName = ASBInterviewExercise;
			productReference = A1CA088E3009E0AD00A0AA57 /* ASBInterviewExercise.app */;
			productType = "com.apple.product-type.application";
		};
		A1CA089A3009E0B000A0AA57 /* ASBInterviewExerciseTests */ = {
			isa = PBXNativeTarget;
			buildConfigurationList = A1CA08B23009E0B000A0AA57 /* Build configuration list for PBXNativeTarget "ASBInterviewExerciseTests" */;
			buildPhases = (
				A1CA08973009E0B000A0AA57 /* Sources */,
				A1CA08983009E0B000A0AA57 /* Frameworks */,
				A1CA08993009E0B000A0AA57 /* Resources */,
			);
			buildRules = (
			);
			dependencies = (
				A1CA089D3009E0B000A0AA57 /* PBXTargetDependency */,
			);
			fileSystemSynchronizedGroups = (
				A1CA089E3009E0B000A0AA57 /* ASBInterviewExerciseTests */,
			);
			name = ASBInterviewExerciseTests;
			packageProductDependencies = (
			);
			productName = ASBInterviewExerciseTests;
			productReference = A1CA089B3009E0B000A0AA57 /* ASBInterviewExerciseTests.xctest */;
			productType = "com.apple.product-type.bundle.unit-test";
		};
		A1CA08A43009E0B000A0AA57 /* ASBInterviewExerciseUITests */ = {
			isa = PBXNativeTarget;
			buildConfigurationList = A1CA08B53009E0B000A0AA57 /* Build configuration list for PBXNativeTarget "ASBInterviewExerciseUITests" */;
			buildPhases = (
				A1CA08A13009E0B000A0AA57 /* Sources */,
				A1CA08A23009E0B000A0AA57 /* Frameworks */,
				A1CA08A33009E0B000A0AA57 /* Resources */,
			);
			buildRules = (
			);
			dependencies = (
				A1CA08A73009E0B000A0AA57 /* PBXTargetDependency */,
			);
			fileSystemSynchronizedGroups = (
				A1CA08A83009E0B000A0AA57 /* ASBInterviewExerciseUITests */,
			);
			name = ASBInterviewExerciseUITests;
			packageProductDependencies = (
			);
			productName = ASBInterviewExerciseUITests;
			productReference = A1CA08A53009E0B000A0AA57 /* ASBInterviewExerciseUITests.xctest */;
			productType = "com.apple.product-type.bundle.ui-testing";
		};
/* End PBXNativeTarget section */

/* Begin PBXProject section */
		A1CA08863009E0AD00A0AA57 /* Project object */ = {
			isa = PBXProject;
			attributes = {
				BuildIndependentTargetsInParallel = 1;
				LastSwiftUpdateCheck = 2660;
				LastUpgradeCheck = 2660;
				TargetAttributes = {
					A1CA088D3009E0AD00A0AA57 = {
						CreatedOnToolsVersion = 26.6;
					};
					A1CA089A3009E0B000A0AA57 = {
						CreatedOnToolsVersion = 26.6;
						TestTargetID = A1CA088D3009E0AD00A0AA57;
					};
					A1CA08A43009E0B000A0AA57 = {
						CreatedOnToolsVersion = 26.6;
						TestTargetID = A1CA088D3009E0AD00A0AA57;
					};
				};
			};
			buildConfigurationList = A1CA08893009E0AD00A0AA57 /* Build configuration list for PBXProject "ASBInterviewExercise" */;
			developmentRegion = en;
			hasScannedForEncodings = 0;
			knownRegions = (
				en,
				Base,
			);
			mainGroup = A1CA08853009E0AD00A0AA57;
			minimizedProjectReferenceProxies = 1;
			preferredProjectObjectVersion = 77;
			productRefGroup = A1CA088F3009E0AD00A0AA57 /* Products */;
			projectDirPath = "";
			projectRoot = "";
			targets = (
				A1CA088D3009E0AD00A0AA57 /* ASBInterviewExercise */,
				A1CA089A3009E0B000A0AA57 /* ASBInterviewExerciseTests */,
				A1CA08A43009E0B000A0AA57 /* ASBInterviewExerciseUITests */,
			);
		};
/* End PBXProject section */

/* Begin PBXResourcesBuildPhase section */
		A1CA088C3009E0AD00A0AA57 /* Resources */ = {
			isa = PBXResourcesBuildPhase;
			buildActionMask = 2147483647;
			files = (
			);
			runOnlyForDeploymentPostprocessing = 0;
		};
		A1CA08993009E0B000A0AA57 /* Resources */ = {
			isa = PBXResourcesBuildPhase;
			buildActionMask = 2147483647;
			files = (
			);
			runOnlyForDeploymentPostprocessing = 0;
		};
		A1CA08A33009E0B000A0AA57 /* Resources */ = {
			isa = PBXResourcesBuildPhase;
			buildActionMask = 2147483647;
			files = (
			);
			runOnlyForDeploymentPostprocessing = 0;
		};
/* End PBXResourcesBuildPhase section */

/* Begin PBXSourcesBuildPhase section */
		A1CA088A3009E0AD00A0AA57 /* Sources */ = {
			isa = PBXSourcesBuildPhase;
			buildActionMask = 2147483647;
			files = (
			);
			runOnlyForDeploymentPostprocessing = 0;
		};
		A1CA08973009E0B000A0AA57 /* Sources */ = {
			isa = PBXSourcesBuildPhase;
			buildActionMask = 2147483647;
			files = (
			);
			runOnlyForDeploymentPostprocessing = 0;
		};
		A1CA08A13009E0B000A0AA57 /* Sources */ = {
			isa = PBXSourcesBuildPhase;
			buildActionMask = 2147483647;
			files = (
			);
			runOnlyForDeploymentPostprocessing = 0;
		};
/* End PBXSourcesBuildPhase section */

/* Begin PBXTargetDependency section */
		A1CA089D3009E0B000A0AA57 /* PBXTargetDependency */ = {
			isa = PBXTargetDependency;
			target = A1CA088D3009E0AD00A0AA57 /* ASBInterviewExercise */;
			targetProxy = A1CA089C3009E0B000A0AA57 /* PBXContainerItemProxy */;
		};
		A1CA08A73009E0B000A0AA57 /* PBXTargetDependency */ = {
			isa = PBXTargetDependency;
			target = A1CA088D3009E0AD00A0AA57 /* ASBInterviewExercise */;
			targetProxy = A1CA08A63009E0B000A0AA57 /* PBXContainerItemProxy */;
		};
/* End PBXTargetDependency section */

/* Begin XCBuildConfiguration section */
		A1CA08AD3009E0B000A0AA57 /* Debug */ = {
			isa = XCBuildConfiguration;
			buildSettings = {
				ALWAYS_SEARCH_USER_PATHS = NO;
				ASSETCATALOG_COMPILER_GENERATE_SWIFT_ASSET_SYMBOL_EXTENSIONS = YES;
				CLANG_ANALYZER_NONNULL = YES;
				CLANG_ANALYZER_NUMBER_OBJECT_CONVERSION = YES_AGGRESSIVE;
				CLANG_CXX_LANGUAGE_STANDARD = "gnu++20";
				CLANG_ENABLE_MODULES = YES;
				CLANG_ENABLE_OBJC_ARC = YES;
				CLANG_ENABLE_OBJC_WEAK = YES;
				CLANG_WARN_BLOCK_CAPTURE_AUTORELEASING = YES;
				CLANG_WARN_BOOL_CONVERSION = YES;
				CLANG_WARN_COMMA = YES;
				CLANG_WARN_CONSTANT_CONVERSION = YES;
				CLANG_WARN_DEPRECATED_OBJC_IMPLEMENTATIONS = YES;
				CLANG_WARN_DIRECT_OBJC_ISA_USAGE = YES_ERROR;
				CLANG_WARN_DOCUMENTATION_COMMENTS = YES;
				CLANG_WARN_EMPTY_BODY = YES;
				CLANG_WARN_ENUM_CONVERSION = YES;
				CLANG_WARN_INFINITE_RECURSION = YES;
				CLANG_WARN_INT_CONVERSION = YES;
				CLANG_WARN_NON_LITERAL_NULL_CONVERSION = YES;
				CLANG_WARN_OBJC_IMPLICIT_RETAIN_SELF = YES;
				CLANG_WARN_OBJC_LITERAL_CONVERSION = YES;
				CLANG_WARN_OBJC_ROOT_CLASS = YES_ERROR;
				CLANG_WARN_QUOTED_INCLUDE_IN_FRAMEWORK_HEADER = YES;
				CLANG_WARN_RANGE_LOOP_ANALYSIS = YES;
				CLANG_WARN_STRICT_PROTOTYPES = YES;
				CLANG_WARN_SUSPICIOUS_MOVE = YES;
				CLANG_WARN_UNGUARDED_AVAILABILITY = YES_AGGRESSIVE;
				CLANG_WARN_UNREACHABLE_CODE = YES;
				CLANG_WARN__DUPLICATE_METHOD_MATCH = YES;
				COPY_PHASE_STRIP = NO;
				DEBUG_INFORMATION_FORMAT = dwarf;
				ENABLE_STRICT_OBJC_MSGSEND = YES;
				ENABLE_TESTABILITY = YES;
				ENABLE_USER_SCRIPT_SANDBOXING = YES;
				GCC_C_LANGUAGE_STANDARD = gnu17;
				GCC_DYNAMIC_NO_PIC = NO;
				GCC_NO_COMMON_BLOCKS = YES;
				GCC_OPTIMIZATION_LEVEL = 0;
				GCC_PREPROCESSOR_DEFINITIONS = (
					"DEBUG=1",
					"$(inherited)",
				);
				GCC_WARN_64_TO_32_BIT_CONVERSION = YES;
				GCC_WARN_ABOUT_RETURN_TYPE = YES_ERROR;
				GCC_WARN_UNDECLARED_SELECTOR = YES;
				GCC_WARN_UNINITIALIZED_AUTOS = YES_AGGRESSIVE;
				GCC_WARN_UNUSED_FUNCTION = YES;
				GCC_WARN_UNUSED_VARIABLE = YES;
				IPHONEOS_DEPLOYMENT_TARGET = 26.5;
				LOCALIZATION_PREFERS_STRING_CATALOGS = YES;
				MTL_ENABLE_DEBUG_INFO = INCLUDE_SOURCE;
				MTL_FAST_MATH = YES;
				ONLY_ACTIVE_ARCH = YES;
				SDKROOT = iphoneos;
				SWIFT_ACTIVE_COMPILATION_CONDITIONS = "DEBUG $(inherited)";
				SWIFT_OPTIMIZATION_LEVEL = "-Onone";
			};
			name = Debug;
		};
		A1CA08AE3009E0B000A0AA57 /* Release */ = {
			isa = XCBuildConfiguration;
			buildSettings = {
				ALWAYS_SEARCH_USER_PATHS = NO;
				ASSETCATALOG_COMPILER_GENERATE_SWIFT_ASSET_SYMBOL_EXTENSIONS = YES;
				CLANG_ANALYZER_NONNULL = YES;
				CLANG_ANALYZER_NUMBER_OBJECT_CONVERSION = YES_AGGRESSIVE;
				CLANG_CXX_LANGUAGE_STANDARD = "gnu++20";
				CLANG_ENABLE_MODULES = YES;
				CLANG_ENABLE_OBJC_ARC = YES;
				CLANG_ENABLE_OBJC_WEAK = YES;
				CLANG_WARN_BLOCK_CAPTURE_AUTORELEASING = YES;
				CLANG_WARN_BOOL_CONVERSION = YES;
				CLANG_WARN_COMMA = YES;
				CLANG_WARN_CONSTANT_CONVERSION = YES;
				CLANG_WARN_DEPRECATED_OBJC_IMPLEMENTATIONS = YES;
				CLANG_WARN_DIRECT_OBJC_ISA_USAGE = YES_ERROR;
				CLANG_WARN_DOCUMENTATION_COMMENTS = YES;
				CLANG_WARN_EMPTY_BODY = YES;
				CLANG_WARN_ENUM_CONVERSION = YES;
				CLANG_WARN_INFINITE_RECURSION = YES;
				CLANG_WARN_INT_CONVERSION = YES;
				CLANG_WARN_NON_LITERAL_NULL_CONVERSION = YES;
				CLANG_WARN_OBJC_IMPLICIT_RETAIN_SELF = YES;
				CLANG_WARN_OBJC_LITERAL_CONVERSION = YES;
				CLANG_WARN_OBJC_ROOT_CLASS = YES_ERROR;
				CLANG_WARN_QUOTED_INCLUDE_IN_FRAMEWORK_HEADER = YES;
				CLANG_WARN_RANGE_LOOP_ANALYSIS = YES;
				CLANG_WARN_STRICT_PROTOTYPES = YES;
				CLANG_WARN_SUSPICIOUS_MOVE = YES;
				CLANG_WARN_UNGUARDED_AVAILABILITY = YES_AGGRESSIVE;
				CLANG_WARN_UNREACHABLE_CODE = YES;
				CLANG_WARN__DUPLICATE_METHOD_MATCH = YES;
				COPY_PHASE_STRIP = NO;
				DEBUG_INFORMATION_FORMAT = "dwarf-with-dsym";
				ENABLE_NS_ASSERTIONS = NO;
				ENABLE_STRICT_OBJC_MSGSEND = YES;
				ENABLE_USER_SCRIPT_SANDBOXING = YES;
				GCC_C_LANGUAGE_STANDARD = gnu17;
				GCC_NO_COMMON_BLOCKS = YES;
				GCC_WARN_64_TO_32_BIT_CONVERSION = YES;
				GCC_WARN_ABOUT_RETURN_TYPE = YES_ERROR;
				GCC_WARN_UNDECLARED_SELECTOR = YES;
				GCC_WARN_UNINITIALIZED_AUTOS = YES_AGGRESSIVE;
				GCC_WARN_UNUSED_FUNCTION = YES;
				GCC_WARN_UNUSED_VARIABLE = YES;
				IPHONEOS_DEPLOYMENT_TARGET = 26.5;
				LOCALIZATION_PREFERS_STRING_CATALOGS = YES;
				MTL_ENABLE_DEBUG_INFO = NO;
				MTL_FAST_MATH = YES;
				SDKROOT = iphoneos;
				SWIFT_COMPILATION_MODE = wholemodule;
				VALIDATE_PRODUCT = YES;
			};
			name = Release;
		};
		A1CA08B03009E0B000A0AA57 /* Debug */ = {
			isa = XCBuildConfiguration;
			buildSettings = {
				ASSETCATALOG_COMPILER_APPICON_NAME = AppIcon;
				ASSETCATALOG_COMPILER_GLOBAL_ACCENT_COLOR_NAME = AccentColor;
				CODE_SIGN_STYLE = Automatic;
				CURRENT_PROJECT_VERSION = 1;
				ENABLE_PREVIEWS = YES;
				GENERATE_INFOPLIST_FILE = YES;
				INFOPLIST_KEY_UIApplicationSceneManifest_Generation = YES;
				INFOPLIST_KEY_UIApplicationSupportsIndirectInputEvents = YES;
				INFOPLIST_KEY_UILaunchScreen_Generation = YES;
				INFOPLIST_KEY_UISupportedInterfaceOrientations_iPad = "UIInterfaceOrientationPortrait UIInterfaceOrientationPortraitUpsideDown UIInterfaceOrientationLandscapeLeft UIInterfaceOrientationLandscapeRight";
				INFOPLIST_KEY_UISupportedInterfaceOrientations_iPhone = "UIInterfaceOrientationPortrait UIInterfaceOrientationLandscapeLeft UIInterfaceOrientationLandscapeRight";
				LD_RUNPATH_SEARCH_PATHS = (
					"$(inherited)",
					"@executable_path/Frameworks",
				);
				MARKETING_VERSION = 1.0;
				PRODUCT_BUNDLE_IDENTIFIER = nz.co.asb.ASBInterviewExercise;
				PRODUCT_NAME = "$(TARGET_NAME)";
				STRING_CATALOG_GENERATE_SYMBOLS = YES;
				SWIFT_APPROACHABLE_CONCURRENCY = YES;
				SWIFT_DEFAULT_ACTOR_ISOLATION = MainActor;
				SWIFT_EMIT_LOC_STRINGS = YES;
				SWIFT_UPCOMING_FEATURE_MEMBER_IMPORT_VISIBILITY = YES;
				SWIFT_VERSION = 5.0;
				TARGETED_DEVICE_FAMILY = "1,2";
			};
			name = Debug;
		};
		A1CA08B13009E0B000A0AA57 /* Release */ = {
			isa = XCBuildConfiguration;
			buildSettings = {
				ASSETCATALOG_COMPILER_APPICON_NAME = AppIcon;
				ASSETCATALOG_COMPILER_GLOBAL_ACCENT_COLOR_NAME = AccentColor;
				CODE_SIGN_STYLE = Automatic;
				CURRENT_PROJECT_VERSION = 1;
				ENABLE_PREVIEWS = YES;
				GENERATE_INFOPLIST_FILE = YES;
				INFOPLIST_KEY_UIApplicationSceneManifest_Generation = YES;
				INFOPLIST_KEY_UIApplicationSupportsIndirectInputEvents = YES;
				INFOPLIST_KEY_UILaunchScreen_Generation = YES;
				INFOPLIST_KEY_UISupportedInterfaceOrientations_iPad = "UIInterfaceOrientationPortrait UIInterfaceOrientationPortraitUpsideDown UIInterfaceOrientationLandscapeLeft UIInterfaceOrientationLandscapeRight";
				INFOPLIST_KEY_UISupportedInterfaceOrientations_iPhone = "UIInterfaceOrientationPortrait UIInterfaceOrientationLandscapeLeft UIInterfaceOrientationLandscapeRight";
				LD_RUNPATH_SEARCH_PATHS = (
					"$(inherited)",
					"@executable_path/Frameworks",
				);
				MARKETING_VERSION = 1.0;
				PRODUCT_BUNDLE_IDENTIFIER = nz.co.asb.ASBInterviewExercise;
				PRODUCT_NAME = "$(TARGET_NAME)";
				STRING_CATALOG_GENERATE_SYMBOLS = YES;
				SWIFT_APPROACHABLE_CONCURRENCY = YES;
				SWIFT_DEFAULT_ACTOR_ISOLATION = MainActor;
				SWIFT_EMIT_LOC_STRINGS = YES;
				SWIFT_UPCOMING_FEATURE_MEMBER_IMPORT_VISIBILITY = YES;
				SWIFT_VERSION = 5.0;
				TARGETED_DEVICE_FAMILY = "1,2";
			};
			name = Release;
		};
		A1CA08B33009E0B000A0AA57 /* Debug */ = {
			isa = XCBuildConfiguration;
			buildSettings = {
				BUNDLE_LOADER = "$(TEST_HOST)";
				CODE_SIGN_STYLE = Automatic;
				CURRENT_PROJECT_VERSION = 1;
				GENERATE_INFOPLIST_FILE = YES;
				IPHONEOS_DEPLOYMENT_TARGET = 26.5;
				MARKETING_VERSION = 1.0;
				PRODUCT_BUNDLE_IDENTIFIER = nz.co.asb.ASBInterviewExerciseTests;
				PRODUCT_NAME = "$(TARGET_NAME)";
				STRING_CATALOG_GENERATE_SYMBOLS = NO;
				SWIFT_APPROACHABLE_CONCURRENCY = YES;
				SWIFT_EMIT_LOC_STRINGS = NO;
				SWIFT_UPCOMING_FEATURE_MEMBER_IMPORT_VISIBILITY = YES;
				SWIFT_VERSION = 5.0;
				TARGETED_DEVICE_FAMILY = "1,2";
				TEST_HOST = "$(BUILT_PRODUCTS_DIR)/ASBInterviewExercise.app/$(BUNDLE_EXECUTABLE_FOLDER_PATH)/ASBInterviewExercise";
			};
			name = Debug;
		};
		A1CA08B43009E0B000A0AA57 /* Release */ = {
			isa = XCBuildConfiguration;
			buildSettings = {
				BUNDLE_LOADER = "$(TEST_HOST)";
				CODE_SIGN_STYLE = Automatic;
				CURRENT_PROJECT_VERSION = 1;
				GENERATE_INFOPLIST_FILE = YES;
				IPHONEOS_DEPLOYMENT_TARGET = 26.5;
				MARKETING_VERSION = 1.0;
				PRODUCT_BUNDLE_IDENTIFIER = nz.co.asb.ASBInterviewExerciseTests;
				PRODUCT_NAME = "$(TARGET_NAME)";
				STRING_CATALOG_GENERATE_SYMBOLS = NO;
				SWIFT_APPROACHABLE_CONCURRENCY = YES;
				SWIFT_EMIT_LOC_STRINGS = NO;
				SWIFT_UPCOMING_FEATURE_MEMBER_IMPORT_VISIBILITY = YES;
				SWIFT_VERSION = 5.0;
				TARGETED_DEVICE_FAMILY = "1,2";
				TEST_HOST = "$(BUILT_PRODUCTS_DIR)/ASBInterviewExercise.app/$(BUNDLE_EXECUTABLE_FOLDER_PATH)/ASBInterviewExercise";
			};
			name = Release;
		};
		A1CA08B63009E0B000A0AA57 /* Debug */ = {
			isa = XCBuildConfiguration;
			buildSettings = {
				CODE_SIGN_STYLE = Automatic;
				CURRENT_PROJECT_VERSION = 1;
				GENERATE_INFOPLIST_FILE = YES;
				MARKETING_VERSION = 1.0;
				PRODUCT_BUNDLE_IDENTIFIER = nz.co.asb.ASBInterviewExerciseUITests;
				PRODUCT_NAME = "$(TARGET_NAME)";
				STRING_CATALOG_GENERATE_SYMBOLS = NO;
				SWIFT_APPROACHABLE_CONCURRENCY = YES;
				SWIFT_EMIT_LOC_STRINGS = NO;
				SWIFT_UPCOMING_FEATURE_MEMBER_IMPORT_VISIBILITY = YES;
				SWIFT_VERSION = 5.0;
				TARGETED_DEVICE_FAMILY = "1,2";
				TEST_TARGET_NAME = ASBInterviewExercise;
			};
			name = Debug;
		};
		A1CA08B73009E0B000A0AA57 /* Release */ = {
			isa = XCBuildConfiguration;
			buildSettings = {
				CODE_SIGN_STYLE = Automatic;
				CURRENT_PROJECT_VERSION = 1;
				GENERATE_INFOPLIST_FILE = YES;
				MARKETING_VERSION = 1.0;
				PRODUCT_BUNDLE_IDENTIFIER = nz.co.asb.ASBInterviewExerciseUITests;
				PRODUCT_NAME = "$(TARGET_NAME)";
				STRING_CATALOG_GENERATE_SYMBOLS = NO;
				SWIFT_APPROACHABLE_CONCURRENCY = YES;
				SWIFT_EMIT_LOC_STRINGS = NO;
				SWIFT_UPCOMING_FEATURE_MEMBER_IMPORT_VISIBILITY = YES;
				SWIFT_VERSION = 5.0;
				TARGETED_DEVICE_FAMILY = "1,2";
				TEST_TARGET_NAME = ASBInterviewExercise;
			};
			name = Release;
		};
/* End XCBuildConfiguration section */

/* Begin XCConfigurationList section */
		A1CA08893009E0AD00A0AA57 /* Build configuration list for PBXProject "ASBInterviewExercise" */ = {
			isa = XCConfigurationList;
			buildConfigurations = (
				A1CA08AD3009E0B000A0AA57 /* Debug */,
				A1CA08AE3009E0B000A0AA57 /* Release */,
			);
			defaultConfigurationIsVisible = 0;
			defaultConfigurationName = Release;
		};
		A1CA08AF3009E0B000A0AA57 /* Build configuration list for PBXNativeTarget "ASBInterviewExercise" */ = {
			isa = XCConfigurationList;
			buildConfigurations = (
				A1CA08B03009E0B000A0AA57 /* Debug */,
				A1CA08B13009E0B000A0AA57 /* Release */,
			);
			defaultConfigurationIsVisible = 0;
			defaultConfigurationName = Release;
		};
		A1CA08B23009E0B000A0AA57 /* Build configuration list for PBXNativeTarget "ASBInterviewExerciseTests" */ = {
			isa = XCConfigurationList;
			buildConfigurations = (
				A1CA08B33009E0B000A0AA57 /* Debug */,
				A1CA08B43009E0B000A0AA57 /* Release */,
			);
			defaultConfigurationIsVisible = 0;
			defaultConfigurationName = Release;
		};
		A1CA08B53009E0B000A0AA57 /* Build configuration list for PBXNativeTarget "ASBInterviewExerciseUITests" */ = {
			isa = XCConfigurationList;
			buildConfigurations = (
				A1CA08B63009E0B000A0AA57 /* Debug */,
				A1CA08B73009E0B000A0AA57 /* Release */,
			);
			defaultConfigurationIsVisible = 0;
			defaultConfigurationName = Release;
		};
/* End XCConfigurationList section */
	};
	rootObject = A1CA08863009E0AD00A0AA57 /* Project object */;
}
